
Microsoft Visual Studio Solution File, Format Version 12.00
# Visual Studio 14
VisualStudioVersion = 14.0.24720.0
MinimumVisualStudioVersion = 10.0.40219.1
Project("{F2A71F9B-5D33-465A-A702-920D77279786}") = "RippleTool", "src\RippleTool\RippleTool.fsproj", "{98326197-242A-4B8F-92E5-3D15070A29C3}"
EndProject
Project("{F2A71F9B-5D33-465A-A702-920D77279786}") = "RippleTool.Core", "src\RippleTool.Core\RippleTool.Core.fsproj", "{8728AF9F-462B-4075-ACB6-93F837652A0C}"
EndProject
Project("{FAE04EC0-301F-11D3-BF4B-00C04F79EFBC}") = "RippleTool.UI", "src\RippleTool.UI\RippleTool.UI.csproj", "{70642095-3B64-41AA-A28F-20AA6122D221}"
EndProject
Global
	GlobalSection(SolutionConfigurationPlatforms) = preSolution
		Debug|Any CPU = Debug|Any CPU
		Release|Any CPU = Release|Any CPU
	EndGlobalSection
	GlobalSection(ProjectConfigurationPlatforms) = postSolution
		{98326197-242A-4B8F-92E5-3D15070A29C3}.Debug|Any CPU.ActiveCfg = Debug|Any CPU
		{98326197-242A-4B8F-92E5-3D15070A29C3}.Debug|Any CPU.Build.0 = Debug|Any CPU
		{98326197-242A-4B8F-92E5-3D15070A29C3}.Release|Any CPU.ActiveCfg = Release|Any CPU
		{98326197-242A-4B8F-92E5-3D15070A29C3}.Release|Any CPU.Build.0 = Release|Any CPU
		{8728AF9F-462B-4075-ACB6-93F837652A0C}.Debug|Any CPU.ActiveCfg = Debug|Any CPU
		{8728AF9F-462B-4075-ACB6-93F837652A0C}.Debug|Any CPU.Build.0 = Debug|Any CPU
		{8728AF9F-462B-4075-ACB6-93F837652A0C}.Release|Any CPU.ActiveCfg = Release|Any CPU
		{8728AF9F-462B-4075-ACB6-93F837652A0C}.Release|Any CPU.Build.0 = Release|Any CPU
		{70642095-3B64-41AA-A28F-20AA6122D221}.Debug|Any CPU.ActiveCfg = Debug|Any CPU
		{70642095-3B64-41AA-A28F-20AA6122D221}.Debug|Any CPU.Build.0 = Debug|Any CPU
		{70642095-3B64-41AA-A28F-20AA6122D221}.Release|Any CPU.ActiveCfg = Release|Any CPU
		{70642095-3B64-41AA-A28F-20AA6122D221}.Release|Any CPU.Build.0 = Release|Any CPU
	EndGlobalSection
	GlobalSection(SolutionProperties) = preSolution
		HideSolutionNode = FALSE
	EndGlobalSection
EndGlobal
